
Microsoft Visual Studio Solution File, Format Version 12.00
# Visual Studio 14
VisualStudioVersion = 14.0.25420.1
MinimumVisualStudioVersion = 10.0.40219.1
Project("{FAE04EC0-301F-11D3-BF4B-00C04F79EFBC}") = "Saturn.Infrastructure", "Saturn.DAL.DataContext\Saturn.Infrastructure.csproj", "{CE0EFA1B-8B29-4131-AA5E-E8FB5B899AAE}"
EndProject
Project("{FAE04EC0-301F-11D3-BF4B-00C04F79EFBC}") = "Saturn.Domain", "Saturn.DAL.DataObjects\Saturn.Domain.csproj", "{9050C47F-8E69-4658-AAFA-A7DBDBE1FF7B}"
EndProject
Project("{FAE04EC0-301F-11D3-BF4B-00C04F79EFBC}") = "Saturn.Application", "ConsoleApplication\Saturn.Application.csproj", "{268A0002-E7D0-4F39-915E-257A9EF54CE8}"
EndProject
Project("{FAE04EC0-301F-11D3-BF4B-00C04F79EFBC}") = "Saturn.Infrastructure.UnitTests", "Saturn.Infrastructure.UnitTests\Saturn.Infrastructure.UnitTests.csproj", "{F76FFC1E-DCAA-4E09-9401-2113C821EB4B}"
EndProject
Project("{FAE04EC0-301F-11D3-BF4B-00C04F79EFBC}") = "Saturn.Domain.UnitTests", "Saturn.Domain.UnitTests\Saturn.Domain.UnitTests.csproj", "{3290E8BD-A6BE-4435-A853-7AECD1D2119C}"
EndProject
Global
	GlobalSection(SolutionConfigurationPlatforms) = preSolution
		Debug|Any CPU = Debug|Any CPU
		Release|Any CPU = Release|Any CPU
	EndGlobalSection
	GlobalSection(ProjectConfigurationPlatforms) = postSolution
		{CE0EFA1B-8B29-4131-AA5E-E8FB5B899AAE}.Debug|Any CPU.ActiveCfg = Debug|Any CPU
		{CE0EFA1B-8B29-4131-AA5E-E8FB5B899AAE}.Debug|Any CPU.Build.0 = Debug|Any CPU
		{CE0EFA1B-8B29-4131-AA5E-E8FB5B899AAE}.Release|Any CPU.ActiveCfg = Release|Any CPU
		{CE0EFA1B-8B29-4131-AA5E-E8FB5B899AAE}.Release|Any CPU.Build.0 = Release|Any CPU
		{9050C47F-8E69-4658-AAFA-A7DBDBE1FF7B}.Debug|Any CPU.ActiveCfg = Debug|Any CPU
		{9050C47F-8E69-4658-AAFA-A7DBDBE1FF7B}.Debug|Any CPU.Build.0 = Debug|Any CPU
		{9050C47F-8E69-4658-AAFA-A7DBDBE1FF7B}.Release|Any CPU.ActiveCfg = Release|Any CPU
		{9050C47F-8E69-4658-AAFA-A7DBDBE1FF7B}.Release|Any CPU.Build.0 = Release|Any CPU
		{268A0002-E7D0-4F39-915E-257A9EF54CE8}.Debug|Any CPU.ActiveCfg = Debug|Any CPU
		{268A0002-E7D0-4F39-915E-257A9EF54CE8}.Debug|Any CPU.Build.0 = Debug|Any CPU
		{268A0002-E7D0-4F39-915E-257A9EF54CE8}.Release|Any CPU.ActiveCfg = Release|Any CPU
		{268A0002-E7D0-4F39-915E-257A9EF54CE8}.Release|Any CPU.Build.0 = Release|Any CPU
		{F76FFC1E-DCAA-4E09-9401-2113C821EB4B}.Debug|Any CPU.ActiveCfg = Debug|Any CPU
		{F76FFC1E-DCAA-4E09-9401-2113C821EB4B}.Debug|Any CPU.Build.0 = Debug|Any CPU
		{F76FFC1E-DCAA-4E09-9401-2113C821EB4B}.Release|Any CPU.ActiveCfg = Release|Any CPU
		{F76FFC1E-DCAA-4E09-9401-2113C821EB4B}.Release|Any CPU.Build.0 = Release|Any CPU
		{3290E8BD-A6BE-4435-A853-7AECD1D2119C}.Debug|Any CPU.ActiveCfg = Debug|Any CPU
		{3290E8BD-A6BE-4435-A853-7AECD1D2119C}.Debug|Any CPU.Build.0 = Debug|Any CPU
		{3290E8BD-A6BE-4435-A853-7AECD1D2119C}.Release|Any CPU.ActiveCfg = Release|Any CPU
		{3290E8BD-A6BE-4435-A853-7AECD1D2119C}.Release|Any CPU.Build.0 = Release|Any CPU
	EndGlobalSection
	GlobalSection(SolutionProperties) = preSolution
		HideSolutionNode = FALSE
	EndGlobalSection
EndGlobal
